// !$*UTF8*$!
{
	archiveVersion = 1;
	classes = {
	};
	objectVersion = 50;
	objects = {

/* Begin PBXBuildFile section */
		9848EA8525FA0A7900B68429 /* Effect.swift in Sources */ = {isa = PBXBuildFile; fileRef = 9848EA8425FA0A7900B68429 /* Effect.swift */; };
		9848EA8825FA0A9F00B68429 /* CardFront.swift in Sources */ = {isa = PBXBuildFile; fileRef = 9848EA8725FA0A9F00B68429 /* CardFront.swift */; };
		9848EA8B25FA0AD500B68429 /* CardBack.swift in Sources */ = {isa = PBXBuildFile; fileRef = 9848EA8A25FA0AD500B68429 /* CardBack.swift */; };
		9848EA8F25FA0B0C00B68429 /* CardAnimation.swift in Sources */ = {isa = PBXBuildFile; fileRef = 9848EA8E25FA0B0C00B68429 /* CardAnimation.swift */; };
		9879D13325F79FE7001EB053 /* CardAnimation3DApp.swift in Sources */ = {isa = PBXBuildFile; fileRef = 9879D13225F79FE7001EB053 /* CardAnimation3DApp.swift */; };
		9879D13525F79FE7001EB053 /* ContentView.swift in Sources */ = {isa = PBXBuildFile; fileRef = 9879D13425F79FE7001EB053 /* ContentView.swift */; };
		9879D13725F79FE8001EB053 /* Assets.xcassets in Resources */ = {isa = PBXBuildFile; fileRef = 9879D13625F79FE8001EB053 /* Assets.xcassets */; };
		9879D13A25F79FE8001EB053 /* Preview Assets.xcassets in Resources */ = {isa = PBXBuildFile; fileRef = 9879D13925F79FE8001EB053 /* Preview Assets.xcassets */; };
		9879D23325F8E5DC001EB053 /* CardGame.swift in Sources */ = {isa = PBXBuildFile; fileRef = 9879D23225F8E5DC001EB053 /* CardGame.swift */; };
		9879D23625FA0964001EB053 /* GameCard.swift in Sources */ = {isa = PBXBuildFile; fileRef = 9879D23525FA0964001EB053 /* GameCard.swift */; };
		9879D23A25FA097D001EB053 /* CardGameViewModel.swift in Sources */ = {isa = PBXBuildFile; fileRef = 9879D23925FA097D001EB053 /* CardGameViewModel.swift */; };
/* End PBXBuildFile section */

/* Begin PBXFileReference section */
		9848EA8425FA0A7900B68429 /* Effect.swift */ = {isa = PBXFileReference; lastKnownFileType = sourcecode.swift; path = Effect.swift; sourceTree = "<group>"; };
		9848EA8725FA0A9F00B68429 /* CardFront.swift */ = {isa = PBXFileReference; lastKnownFileType = sourcecode.swift; path = CardFront.swift; sourceTree = "<group>"; };
		9848EA8A25FA0AD500B68429 /* CardBack.swift */ = {isa = PBXFileReference; lastKnownFileType = sourcecode.swift; path = CardBack.swift; sourceTree = "<group>"; };
		9848EA8E25FA0B0C00B68429 /* CardAnimation.swift */ = {isa = PBXFileReference; lastKnownFileType = sourcecode.swift; path = CardAnimation.swift; sourceTree = "<group>"; };
		9879D12F25F79FE7001EB053 /* CardAnimation3D.app */ = {isa = PBXFileReference; explicitFileType = wrapper.application; includeInIndex = 0; path = CardAnimation3D.app; sourceTree = BUILT_PRODUCTS_DIR; };
		9879D13225F79FE7001EB053 /* CardAnimation3DApp.swift */ = {isa = PBXFileReference; lastKnownFileType = sourcecode.swift; path = CardAnimation3DApp.swift; sourceTree = "<group>"; };
		9879D13425F79FE7001EB053 /* ContentView.swift */ = {isa = PBXFileReference; lastKnownFileType = sourcecode.swift; path = ContentView.swift; sourceTree = "<group>"; };
		9879D13625F79FE8001EB053 /* Assets.xcassets */ = {isa = PBXFileReference; lastKnownFileType = folder.assetcatalog; path = Assets.xcassets; sourceTree = "<group>"; };
		9879D13925F79FE8001EB053 /* Preview Assets.xcassets */ = {isa = PBXFileReference; lastKnownFileType = folder.assetcatalog; path = "Preview Assets.xcassets"; sourceTree = "<group>"; };
		9879D13B25F79FE8001EB053 /* Info.plist */ = {isa = PBXFileReference; lastKnownFileType = text.plist.xml; path = Info.plist; sourceTree = "<group>"; };
		9879D23225F8E5DC001EB053 /* CardGame.swift */ = {isa = PBXFileReference; lastKnownFileType = sourcecode.swift; path = CardGame.swift; sourceTree = "<group>"; };
		9879D23525FA0964001EB053 /* GameCard.swift */ = {isa = PBXFileReference; lastKnownFileType = sourcecode.swift; path = GameCard.swift; sourceTree = "<group>"; };
		9879D23925FA097D001EB053 /* CardGameViewModel.swift */ = {isa = PBXFileReference; lastKnownFileType = sourcecode.swift; path = CardGameViewModel.swift; sourceTree = "<group>"; };
/* End PBXFileReference section */

/* Begin PBXFrameworksBuildPhase section */
		9879D12C25F79FE7001EB053 /* Frameworks */ = {
			isa = PBXFrameworksBuildPhase;
			buildActionMask = 2147483647;
			files = (
			);
			runOnlyForDeploymentPostprocessing = 0;
		};
/* End PBXFrameworksBuildPhase section */

/* Begin PBXGroup section */
		9848EA9225FA0E6000B68429 /* CardAnimattion */ = {
			isa = PBXGroup;
			children = (
				9848EA8E25FA0B0C00B68429 /* CardAnimation.swift */,
				9848EA8A25FA0AD500B68429 /* CardBack.swift */,
				9848EA8725FA0A9F00B68429 /* CardFront.swift */,
			);
			path = CardAnimattion;
			sourceTree = "<group>";
		};
		9879D12625F79FE7001EB053 = {
			isa = PBXGroup;
			children = (
				9879D13125F79FE7001EB053 /* CardAnimation3D */,
				9879D13025F79FE7001EB053 /* Products */,
			);
			sourceTree = "<group>";
		};
		9879D13025F79FE7001EB053 /* Products */ = {
			isa = PBXGroup;
			children = (
				9879D12F25F79FE7001EB053 /* CardAnimation3D.app */,
			);
			name = Products;
			sourceTree = "<group>";
		};
		9879D13125F79FE7001EB053 /* CardAnimation3D */ = {
			isa = PBXGroup;
			children = (
				9879D13225F79FE7001EB053 /* CardAnimation3DApp.swift */,
				9879D13425F79FE7001EB053 /* ContentView.swift */,
				9848EA8425FA0A7900B68429 /* Effect.swift */,
				9848EA9225FA0E6000B68429 /* CardAnimattion */,
				9879D23C25FA09BA001EB053 /* GameCard */,
				9879D13625F79FE8001EB053 /* Assets.xcassets */,
				9879D13B25F79FE8001EB053 /* Info.plist */,
				9879D13825F79FE8001EB053 /* Preview Content */,
			);
			path = CardAnimation3D;
			sourceTree = "<group>";
		};
		9879D13825F79FE8001EB053 /* Preview Content */ = {
			isa = PBXGroup;
			children = (
				9879D13925F79FE8001EB053 /* Preview Assets.xcassets */,
			);
			path = "Preview Content";
			sourceTree = "<group>";
		};
		9879D23C25FA09BA001EB053 /* GameCard */ = {
			isa = PBXGroup;
			children = (
				9879D23225F8E5DC001EB053 /* CardGame.swift */,
				9879D23525FA0964001EB053 /* GameCard.swift */,
				9879D23925FA097D001EB053 /* CardGameViewModel.swift */,
			);
			path = GameCard;
			sourceTree = "<group>";
		};
/* End PBXGroup section */

/* Begin PBXNativeTarget section */
		9879D12E25F79FE7001EB053 /* CardAnimation3D */ = {
			isa = PBXNativeTarget;
			buildConfigurationList = 9879D13E25F79FE8001EB053 /* Build configuration list for PBXNativeTarget "CardAnimation3D" */;
			buildPhases = (
				9879D12B25F79FE7001EB053 /* Sources */,
				9879D12C25F79FE7001EB053 /* Frameworks */,
				9879D12D25F79FE7001EB053 /* Resources */,
			);
			buildRules = (
			);
			dependencies = (
			);
			name = CardAnimation3D;
			productName = CardAnimation3D;
			productReference = 9879D12F25F79FE7001EB053 /* CardAnimation3D.app */;
			productType = "com.apple.product-type.application";
		};
/* End PBXNativeTarget section */

/* Begin PBXProject section */
		9879D12725F79FE7001EB053 /* Project object */ = {
			isa = PBXProject;
			attributes = {
				LastSwiftUpdateCheck = 1240;
				LastUpgradeCheck = 1240;
				TargetAttributes = {
					9879D12E25F79FE7001EB053 = {
						CreatedOnToolsVersion = 12.4;
					};
				};
			};
			buildConfigurationList = 9879D12A25F79FE7001EB053 /* Build configuration list for PBXProject "CardAnimation3D" */;
			compatibilityVersion = "Xcode 9.3";
			developmentRegion = en;
			hasScannedForEncodings = 0;
			knownRegions = (
				en,
				Base,
			);
			mainGroup = 9879D12625F79FE7001EB053;
			productRefGroup = 9879D13025F79FE7001EB053 /* Products */;
			projectDirPath = "";
			projectRoot = "";
			targets = (
				9879D12E25F79FE7001EB053 /* CardAnimation3D */,
			);
		};
/* End PBXProject section */

/* Begin PBXResourcesBuildPhase section */
		9879D12D25F79FE7001EB053 /* Resources */ = {
			isa = PBXResourcesBuildPhase;
			buildActionMask = 2147483647;
			files = (
				9879D13A25F79FE8001EB053 /* Preview Assets.xcassets in Resources */,
				9879D13725F79FE8001EB053 /* Assets.xcassets in Resources */,
			);
			runOnlyForDeploymentPostprocessing = 0;
		};
/* End PBXResourcesBuildPhase section */

/* Begin PBXSourcesBuildPhase section */
		9879D12B25F79FE7001EB053 /* Sources */ = {
			isa = PBXSourcesBuildPhase;
			buildActionMask = 2147483647;
			files = (
				9848EA8525FA0A7900B68429 /* Effect.swift in Sources */,
				9848EA8F25FA0B0C00B68429 /* CardAnimation.swift in Sources */,
				9879D13525F79FE7001EB053 /* ContentView.swift in Sources */,
				9879D23625FA0964001EB053 /* GameCard.swift in Sources */,
				9879D23A25FA097D001EB053 /* CardGameViewModel.swift in Sources */,
				9848EA8B25FA0AD500B68429 /* CardBack.swift in Sources */,
				9879D13325F79FE7001EB053 /* CardAnimation3DApp.swift in Sources */,
				9848EA8825FA0A9F00B68429 /* CardFront.swift in Sources */,
				9879D23325F8E5DC001EB053 /* CardGame.swift in Sources */,
			);
			runOnlyForDeploymentPostprocessing = 0;
		};
/* End PBXSourcesBuildPhase section */

/* Begin XCBuildConfiguration section */
		9879D13C25F79FE8001EB053 /* Debug */ = {
			isa = XCBuildConfiguration;
			buildSettings = {
				ALWAYS_SEARCH_USER_PATHS = NO;
				CLANG_ANALYZER_NONNULL = YES;
				CLANG_ANALYZER_NUMBER_OBJECT_CONVERSION = YES_AGGRESSIVE;
				CLANG_CXX_LANGUAGE_STANDARD = "gnu++14";
				CLANG_CXX_LIBRARY = "libc++";
				CLANG_ENABLE_MODULES = YES;
				CLANG_ENABLE_OBJC_ARC = YES;
				CLANG_ENABLE_OBJC_WEAK = YES;
				CLANG_WARN_BLOCK_CAPTURE_AUTORELEASING = YES;
				CLANG_WARN_BOOL_CONVERSION = YES;
				CLANG_WARN_COMMA = YES;
				CLANG_WARN_CONSTANT_CONVERSION = YES;
				CLANG_WARN_DEPRECATED_OBJC_IMPLEMENTATIONS = YES;
				CLANG_WARN_DIRECT_OBJC_ISA_USAGE = YES_ERROR;
				CLANG_WARN_DOCUMENTATION_COMMENTS = YES;
				CLANG_WARN_EMPTY_BODY = YES;
				CLANG_WARN_ENUM_CONVERSION = YES;
				CLANG_WARN_INFINITE_RECURSION = YES;
				CLANG_WARN_INT_CONVERSION = YES;
				CLANG_WARN_NON_LITERAL_NULL_CONVERSION = YES;
				CLANG_WARN_OBJC_IMPLICIT_RETAIN_SELF = YES;
				CLANG_WARN_OBJC_LITERAL_CONVERSION = YES;
				CLANG_WARN_OBJC_ROOT_CLASS = YES_ERROR;
				CLANG_WARN_QUOTED_INCLUDE_IN_FRAMEWORK_HEADER = YES;
				CLANG_WARN_RANGE_LOOP_ANALYSIS = YES;
				CLANG_WARN_STRICT_PROTOTYPES = YES;
				CLANG_WARN_SUSPICIOUS_MOVE = YES;
				CLANG_WARN_UNGUARDED_AVAILABILITY = YES_AGGRESSIVE;
				CLANG_WARN_UNREACHABLE_CODE = YES;
				CLANG_WARN__DUPLICATE_METHOD_MATCH = YES;
				COPY_PHASE_STRIP = NO;
				DEBUG_INFORMATION_FORMAT = dwarf;
				ENABLE_STRICT_OBJC_MSGSEND = YES;
				ENABLE_TESTABILITY = YES;
				GCC_C_LANGUAGE_STANDARD = gnu11;
				GCC_DYNAMIC_NO_PIC = NO;
				GCC_NO_COMMON_BLOCKS = YES;
				GCC_OPTIMIZATION_LEVEL = 0;
				GCC_PREPROCESSOR_DEFINITIONS = (
					"DEBUG=1",
					"$(inherited)",
				);
				GCC_WARN_64_TO_32_BIT_CONVERSION = YES;
				GCC_WARN_ABOUT_RETURN_TYPE = YES_ERROR;
				GCC_WARN_UNDECLARED_SELECTOR = YES;
				GCC_WARN_UNINITIALIZED_AUTOS = YES_AGGRESSIVE;
				GCC_WARN_UNUSED_FUNCTION = YES;
				GCC_WARN_UNUSED_VARIABLE = YES;
				IPHONEOS_DEPLOYMENT_TARGET = 14.4;
				MTL_ENABLE_DEBUG_INFO = INCLUDE_SOURCE;
				MTL_FAST_MATH = YES;
				ONLY_ACTIVE_ARCH = YES;
				SDKROOT = iphoneos;
				SWIFT_ACTIVE_COMPILATION_CONDITIONS = DEBUG;
				SWIFT_OPTIMIZATION_LEVEL = "-Onone";
			};
			name = Debug;
		};
		9879D13D25F79FE8001EB053 /* Release */ = {
			isa = XCBuildConfiguration;
			buildSettings = {
				ALWAYS_SEARCH_USER_PATHS = NO;
				CLANG_ANALYZER_NONNULL = YES;
				CLANG_ANALYZER_NUMBER_OBJECT_CONVERSION = YES_AGGRESSIVE;
				CLANG_CXX_LANGUAGE_STANDARD = "gnu++14";
				CLANG_CXX_LIBRARY = "libc++";
				CLANG_ENABLE_MODULES = YES;
				CLANG_ENABLE_OBJC_ARC = YES;
				CLANG_ENABLE_OBJC_WEAK = YES;
				CLANG_WARN_BLOCK_CAPTURE_AUTORELEASING = YES;
				CLANG_WARN_BOOL_CONVERSION = YES;
				CLANG_WARN_COMMA = YES;
				CLANG_WARN_CONSTANT_CONVERSION = YES;
				CLANG_WARN_DEPRECATED_OBJC_IMPLEMENTATIONS = YES;
				CLANG_WARN_DIRECT_OBJC_ISA_USAGE = YES_ERROR;
				CLANG_WARN_DOCUMENTATION_COMMENTS = YES;
				CLANG_WARN_EMPTY_BODY = YES;
				CLANG_WARN_ENUM_CONVERSION = YES;
				CLANG_WARN_INFINITE_RECURSION = YES;
				CLANG_WARN_INT_CONVERSION = YES;
				CLANG_WARN_NON_LITERAL_NULL_CONVERSION = YES;
				CLANG_WARN_OBJC_IMPLICIT_RETAIN_SELF = YES;
				CLANG_WARN_OBJC_LITERAL_CONVERSION = YES;
				CLANG_WARN_OBJC_ROOT_CLASS = YES_ERROR;
				CLANG_WARN_QUOTED_INCLUDE_IN_FRAMEWORK_HEADER = YES;
				CLANG_WARN_RANGE_LOOP_ANALYSIS = YES;
				CLANG_WARN_STRICT_PROTOTYPES = YES;
				CLANG_WARN_SUSPICIOUS_MOVE = YES;
				CLANG_WARN_UNGUARDED_AVAILABILITY = YES_AGGRESSIVE;
				CLANG_WARN_UNREACHABLE_CODE = YES;
				CLANG_WARN__DUPLICATE_METHOD_MATCH = YES;
				COPY_PHASE_STRIP = NO;
				DEBUG_INFORMATION_FORMAT = "dwarf-with-dsym";
				ENABLE_NS_ASSERTIONS = NO;
				ENABLE_STRICT_OBJC_MSGSEND = YES;
				GCC_C_LANGUAGE_STANDARD = gnu11;
				GCC_NO_COMMON_BLOCKS = YES;
				GCC_WARN_64_TO_32_BIT_CONVERSION = YES;
				GCC_WARN_ABOUT_RETURN_TYPE = YES_ERROR;
				GCC_WARN_UNDECLARED_SELECTOR = YES;
				GCC_WARN_UNINITIALIZED_AUTOS = YES_AGGRESSIVE;
				GCC_WARN_UNUSED_FUNCTION = YES;
				GCC_WARN_UNUSED_VARIABLE = YES;
				IPHONEOS_DEPLOYMENT_TARGET = 14.4;
				MTL_ENABLE_DEBUG_INFO = NO;
				MTL_FAST_MATH = YES;
				SDKROOT = iphoneos;
				SWIFT_COMPILATION_MODE = wholemodule;
				SWIFT_OPTIMIZATION_LEVEL = "-O";
				VALIDATE_PRODUCT = YES;
			};
			name = Release;
		};
		9879D13F25F79FE8001EB053 /* Debug */ = {
			isa = XCBuildConfiguration;
			buildSettings = {
				ASSETCATALOG_COMPILER_APPICON_NAME = AppIcon;
				ASSETCATALOG_COMPILER_GLOBAL_ACCENT_COLOR_NAME = AccentColor;
				CODE_SIGN_STYLE = Automatic;
				DEVELOPMENT_ASSET_PATHS = "\"CardAnimation3D/Preview Content\"";
				ENABLE_PREVIEWS = YES;
				INFOPLIST_FILE = CardAnimation3D/Info.plist;
				IPHONEOS_DEPLOYMENT_TARGET = 14.0;
				LD_RUNPATH_SEARCH_PATHS = (
					"$(inherited)",
					"@executable_path/Frameworks",
				);
				PRODUCT_BUNDLE_IDENTIFIER = com.shashank.CardAnimation3D;
				PRODUCT_NAME = "$(TARGET_NAME)";
				SWIFT_VERSION = 5.0;
				TARGETED_DEVICE_FAMILY = "1,2";
			};
			name = Debug;
		};
		9879D14025F79FE8001EB053 /* Release */ = {
			isa = XCBuildConfiguration;
			buildSettings = {
				ASSETCATALOG_COMPILER_APPICON_NAME = AppIcon;
				ASSETCATALOG_COMPILER_GLOBAL_ACCENT_COLOR_NAME = AccentColor;
				CODE_SIGN_STYLE = Automatic;
				DEVELOPMENT_ASSET_PATHS = "\"CardAnimation3D/Preview Content\"";
				ENABLE_PREVIEWS = YES;
				INFOPLIST_FILE = CardAnimation3D/Info.plist;
				IPHONEOS_DEPLOYMENT_TARGET = 14.0;
				LD_RUNPATH_SEARCH_PATHS = (
					"$(inherited)",
					"@executable_path/Frameworks",
				);
				PRODUCT_BUNDLE_IDENTIFIER = com.shashank.CardAnimation3D;
				PRODUCT_NAME = "$(TARGET_NAME)";
				SWIFT_VERSION = 5.0;
				TARGETED_DEVICE_FAMILY = "1,2";
			};
			name = Release;
		};
/* End XCBuildConfiguration section */

/* Begin XCConfigurationList section */
		9879D12A25F79FE7001EB053 /* Build configuration list for PBXProject "CardAnimation3D" */ = {
			isa = XCConfigurationList;
			buildConfigurations = (
				9879D13C25F79FE8001EB053 /* Debug */,
				9879D13D25F79FE8001EB053 /* Release */,
			);
			defaultConfigurationIsVisible = 0;
			defaultConfigurationName = Release;
		};
		9879D13E25F79FE8001EB053 /* Build configuration list for PBXNativeTarget "CardAnimation3D" */ = {
			isa = XCConfigurationList;
			buildConfigurations = (
				9879D13F25F79FE8001EB053 /* Debug */,
				9879D14025F79FE8001EB053 /* Release */,
			);
			defaultConfigurationIsVisible = 0;
			defaultConfigurationName = Release;
		};
/* End XCConfigurationList section */
	};
	rootObject = 9879D12725F79FE7001EB053 /* Project object */;
}
